
Microsoft Visual Studio Solution File, Format Version 12.00
# Visual Studio Version 16
VisualStudioVersion = 16.0.31911.196
MinimumVisualStudioVersion = 10.0.40219.1
Project("{9A19103F-16F7-4668-BE54-9A1E7A4F7556}") = "Shop", "Shop\Shop.csproj", "{527712B0-0277-475B-91D9-7B67E5A74543}"
EndProject
Project("{FAE04EC0-301F-11D3-BF4B-00C04F79EFBC}") = "TestProject1", "TestProject1\TestProject1.csproj", "{12E61DAA-C77A-45A0-B296-3FBAC67E0C4F}"
	ProjectSection(ProjectDependencies) = postProject
		{527712B0-0277-475B-91D9-7B67E5A74543} = {527712B0-0277-475B-91D9-7B67E5A74543}
	EndProjectSection
EndProject
Global
	GlobalSection(SolutionConfigurationPlatforms) = preSolution
		Debug|Any CPU = Debug|Any CPU
		Release|Any CPU = Release|Any CPU
	EndGlobalSection
	GlobalSection(ProjectConfigurationPlatforms) = postSolution
		{527712B0-0277-475B-91D9-7B67E5A74543}.Debug|Any CPU.ActiveCfg = Debug|Any CPU
		{527712B0-0277-475B-91D9-7B67E5A74543}.Debug|Any CPU.Build.0 = Debug|Any CPU
		{527712B0-0277-475B-91D9-7B67E5A74543}.Release|Any CPU.ActiveCfg = Release|Any CPU
		{527712B0-0277-475B-91D9-7B67E5A74543}.Release|Any CPU.Build.0 = Release|Any CPU
		{12E61DAA-C77A-45A0-B296-3FBAC67E0C4F}.Debug|Any CPU.ActiveCfg = Debug|Any CPU
		{12E61DAA-C77A-45A0-B296-3FBAC67E0C4F}.Debug|Any CPU.Build.0 = Debug|Any CPU
		{12E61DAA-C77A-45A0-B296-3FBAC67E0C4F}.Release|Any CPU.ActiveCfg = Release|Any CPU
		{12E61DAA-C77A-45A0-B296-3FBAC67E0C4F}.Release|Any CPU.Build.0 = Release|Any CPU
	EndGlobalSection
	GlobalSection(SolutionProperties) = preSolution
		HideSolutionNode = FALSE
	EndGlobalSection
	GlobalSection(ExtensibilityGlobals) = postSolution
		SolutionGuid = {FBEB4C73-4A80-4EA7-B03F-1C7FC9F58BE1}
	EndGlobalSection
EndGlobal
